
Microsoft Visual Studio Solution File, Format Version 12.00
# Visual Studio Version 16
VisualStudioVersion = 16.0.31829.152
MinimumVisualStudioVersion = 10.0.40219.1
Project("{9A19103F-16F7-4668-BE54-9A1E7A4F7556}") = "VKCommunityWebApi", "VKCommunityWebApi\VKCommunityWebApi.csproj", "{3221CC96-A213-4895-8B40-423381B082B0}"
EndProject
Project("{9A19103F-16F7-4668-BE54-9A1E7A4F7556}") = "VKCommunity.DAL", "VKCommunity.DAL\VKCommunity.DAL.csproj", "{E210CCD0-0BB2-49E2-B2E3-18B9A794920D}"
EndProject
Project("{9A19103F-16F7-4668-BE54-9A1E7A4F7556}") = "VKCommunity.Migrations", "VKCommunity.Migrations\VKCommunity.Migrations.csproj", "{147CD37F-3125-4BA9-BB5F-23EE99D4D27A}"
EndProject
Project("{9A19103F-16F7-4668-BE54-9A1E7A4F7556}") = "VKCommunity.Service", "VKCommunity.Service\VKCommunity.Service.csproj", "{D348C545-451F-43EA-9DBE-41122F2801F8}"
EndProject
Project("{9A19103F-16F7-4668-BE54-9A1E7A4F7556}") = "VKCommunity.RepositoryStorage", "VKCommunity.RepositoryStorage\VKCommunity.RepositoryStorage.csproj", "{3DAE47EC-6E93-4A2B-87B3-E716E550A2D6}"
EndProject
Project("{FAE04EC0-301F-11D3-BF4B-00C04F79EFBC}") = "VKCommunityASPNETMVCUI", "VKCommunityASPNETMVCUI\VKCommunityASPNETMVCUI.csproj", "{EF1C2F68-1C39-49FE-B90C-6AF686860302}"
EndProject
Global
	GlobalSection(SolutionConfigurationPlatforms) = preSolution
		Debug|Any CPU = Debug|Any CPU
		Release|Any CPU = Release|Any CPU
	EndGlobalSection
	GlobalSection(ProjectConfigurationPlatforms) = postSolution
		{3221CC96-A213-4895-8B40-423381B082B0}.Debug|Any CPU.ActiveCfg = Debug|Any CPU
		{3221CC96-A213-4895-8B40-423381B082B0}.Debug|Any CPU.Build.0 = Debug|Any CPU
		{3221CC96-A213-4895-8B40-423381B082B0}.Release|Any CPU.ActiveCfg = Release|Any CPU
		{3221CC96-A213-4895-8B40-423381B082B0}.Release|Any CPU.Build.0 = Release|Any CPU
		{E210CCD0-0BB2-49E2-B2E3-18B9A794920D}.Debug|Any CPU.ActiveCfg = Debug|Any CPU
		{E210CCD0-0BB2-49E2-B2E3-18B9A794920D}.Debug|Any CPU.Build.0 = Debug|Any CPU
		{E210CCD0-0BB2-49E2-B2E3-18B9A794920D}.Release|Any CPU.ActiveCfg = Release|Any CPU
		{E210CCD0-0BB2-49E2-B2E3-18B9A794920D}.Release|Any CPU.Build.0 = Release|Any CPU
		{147CD37F-3125-4BA9-BB5F-23EE99D4D27A}.Debug|Any CPU.ActiveCfg = Debug|Any CPU
		{147CD37F-3125-4BA9-BB5F-23EE99D4D27A}.Debug|Any CPU.Build.0 = Debug|Any CPU
		{147CD37F-3125-4BA9-BB5F-23EE99D4D27A}.Release|Any CPU.ActiveCfg = Release|Any CPU
		{147CD37F-3125-4BA9-BB5F-23EE99D4D27A}.Release|Any CPU.Build.0 = Release|Any CPU
		{D348C545-451F-43EA-9DBE-41122F2801F8}.Debug|Any CPU.ActiveCfg = Debug|Any CPU
		{D348C545-451F-43EA-9DBE-41122F2801F8}.Debug|Any CPU.Build.0 = Debug|Any CPU
		{D348C545-451F-43EA-9DBE-41122F2801F8}.Release|Any CPU.ActiveCfg = Release|Any CPU
		{D348C545-451F-43EA-9DBE-41122F2801F8}.Release|Any CPU.Build.0 = Release|Any CPU
		{3DAE47EC-6E93-4A2B-87B3-E716E550A2D6}.Debug|Any CPU.ActiveCfg = Debug|Any CPU
		{3DAE47EC-6E93-4A2B-87B3-E716E550A2D6}.Debug|Any CPU.Build.0 = Debug|Any CPU
		{3DAE47EC-6E93-4A2B-87B3-E716E550A2D6}.Release|Any CPU.ActiveCfg = Release|Any CPU
		{3DAE47EC-6E93-4A2B-87B3-E716E550A2D6}.Release|Any CPU.Build.0 = Release|Any CPU
		{EF1C2F68-1C39-49FE-B90C-6AF686860302}.Debug|Any CPU.ActiveCfg = Debug|Any CPU
		{EF1C2F68-1C39-49FE-B90C-6AF686860302}.Debug|Any CPU.Build.0 = Debug|Any CPU
		{EF1C2F68-1C39-49FE-B90C-6AF686860302}.Release|Any CPU.ActiveCfg = Release|Any CPU
		{EF1C2F68-1C39-49FE-B90C-6AF686860302}.Release|Any CPU.Build.0 = Release|Any CPU
	EndGlobalSection
	GlobalSection(SolutionProperties) = preSolution
		HideSolutionNode = FALSE
	EndGlobalSection
	GlobalSection(ExtensibilityGlobals) = postSolution
		SolutionGuid = {825A9352-6F98-4CE3-9E79-53A32989A77A}
	EndGlobalSection
EndGlobal
